{
  "name": "@myguard-labs/astgrep-rules",
  "version": "0.1.0",
  "lockfileVersion": 3,
  "requires": true,
  "packages": {
    "": {
      "name": "@myguard-labs/astgrep-rules",
      "version": "0.1.0",
      "license": "SEE LICENSE IN LICENSE",
      "devDependencies": {
        "@ast-grep/cli": "0.50.0"
      }
    },
    "node_modules/@ast-grep/cli": {
      "version": "0.50.0",
      "resolved": "https://registry.npmjs.org/@ast-grep/cli/-/cli-0.50.0.tgz",
      "integrity": "sha512-hVBY/KOU+NrO2F+o4bQrpPl5/yuWbRgDbTMa1iPcnTaieF853GmjTK6bzud4EdSxPI+Y6GaWiQFpN0dPX6RdKg==",
      "dev": true,
      "hasInstallScript": true,
      "license": "MIT",
      "dependencies": {
        "detect-libc": "2.1.2"
      },
      "bin": {
        "ast-grep": "ast-grep",
        "sg": "sg"
      },
      "engines": {
        "node": ">= 12.0.0"
      },
      "optionalDependencies": {
        "@ast-grep/cli-darwin-arm64": "0.50.0",
        "@ast-grep/cli-darwin-x64": "0.50.0",
        "@ast-grep/cli-linux-arm64-gnu": "0.50.0",
        "@ast-grep/cli-linux-x64-gnu": "0.50.0",
        "@ast-grep/cli-win32-arm64-msvc": "0.50.0",
        "@ast-grep/cli-win32-ia32-msvc": "0.50.0",
        "@ast-grep/cli-win32-x64-msvc": "0.50.0"
      }
    },
    "node_modules/@ast-grep/cli-darwin-arm64": {
      "version": "0.50.0",
      "resolved": "https://registry.npmjs.org/@ast-grep/cli-darwin-arm64/-/cli-darwin-arm64-0.50.0.tgz",
      "integrity": "sha512-rcQ9CjT5lKZXxs/2m+ox9qfNQjhiIxbAzA8F2zyyv4zyVzx9lOgPlMX682pQ3rCyIk1Eafzk2KEHYfUmfmMJMw==",
      "cpu": [
        "arm64"
      ],
      "dev": true,
      "license": "MIT",
      "optional": true,
      "os": [
        "darwin"
      ],
      "engines": {
        "node": ">= 10"
      }
    },
    "node_modules/@ast-grep/cli-darwin-x64": {
      "version": "0.50.0",
      "resolved": "https://registry.npmjs.org/@ast-grep/cli-darwin-x64/-/cli-darwin-x64-0.50.0.tgz",
      "integrity": "sha512-NrNP04uL3wstv7gOpj0a0Il3BEZjSmoPVY7EVM80/qnjfi1k/EGeCRkQdA9S1OW26lzzw/hFaqqAFXFzPw05sQ==",
      "cpu": [
        "x64"
      ],
      "dev": true,
      "license": "MIT",
      "optional": true,
      "os": [
        "darwin"
      ],
      "engines": {
        "node": ">= 10"
      }
    },
    "node_modules/@ast-grep/cli-linux-arm64-gnu": {
      "version": "0.50.0",
      "resolved": "https://registry.npmjs.org/@ast-grep/cli-linux-arm64-gnu/-/cli-linux-arm64-gnu-0.50.0.tgz",
      "integrity": "sha512-9h8rxrSC/El2Uv4nZuPmhuRgvdeELCHyGGXBIY8MtsUcIY/3dUrLBCjqVVku8mUhSVZTpY/6BvmQktoUDRZmOg==",
      "cpu": [
        "arm64"
      ],
      "dev": true,
      "libc": [
        "glibc"
      ],
      "license": "MIT",
      "optional": true,
      "os": [
        "linux"
      ],
      "engines": {
        "node": ">= 10"
      }
    },
    "node_modules/@ast-grep/cli-linux-x64-gnu": {
      "version": "0.50.0",
      "resolved": "https://registry.npmjs.org/@ast-grep/cli-linux-x64-gnu/-/cli-linux-x64-gnu-0.50.0.tgz",
      "integrity": "sha512-LlKNmhWa/70e4oiWAX0hX3O4DGVyKtxGxt6XPtwl1uz0Zj5Zy9LhHnDfzN6+camb5N5gqGU3dJCoHtgvZZ+j4Q==",
      "cpu": [
        "x64"
      ],
      "dev": true,
      "libc": [
        "glibc"
      ],
      "license": "MIT",
      "optional": true,
      "os": [
        "linux"
      ],
      "engines": {
        "node": ">= 10"
      }
    },
    "node_modules/@ast-grep/cli-win32-arm64-msvc": {
      "version": "0.50.0",
      "resolved": "https://registry.npmjs.org/@ast-grep/cli-win32-arm64-msvc/-/cli-win32-arm64-msvc-0.50.0.tgz",
      "integrity": "sha512-oNLYBfmOrTy9tgybHWh1g4aR1laqJg6GhHp9O/ScD38uY0nwpYtYiJmhpfw84nI0ksYPRfUD4QUZdF3P70xpqQ==",
      "cpu": [
        "arm64"
      ],
      "dev": true,
      "license": "MIT",
      "optional": true,
      "os": [
        "win32"
      ],
      "engines": {
        "node": ">= 10"
      }
    },
    "node_modules/@ast-grep/cli-win32-ia32-msvc": {
      "version": "0.50.0",
      "resolved": "https://registry.npmjs.org/@ast-grep/cli-win32-ia32-msvc/-/cli-win32-ia32-msvc-0.50.0.tgz",
      "integrity": "sha512-+i6+Qr7KpLstC7snonBXXBkh4sfdR5pAD7gRdAKyG4JZkBkAvMj5c5oRHYBrzal/G1VrIRbGsNucAu9GtJetOg==",
      "cpu": [
        "ia32"
      ],
      "dev": true,
      "license": "MIT",
      "optional": true,
      "os": [
        "win32"
      ],
      "engines": {
        "node": ">= 10"
      }
    },
    "node_modules/@ast-grep/cli-win32-x64-msvc": {
      "version": "0.50.0",
      "resolved": "https://registry.npmjs.org/@ast-grep/cli-win32-x64-msvc/-/cli-win32-x64-msvc-0.50.0.tgz",
      "integrity": "sha512-wCTBkuA8rV8BzrkzLCKm+CYAtkna0/dbr7jIisdQhO1DatjbZD5eMo/jyrkDkl8q2osC6G0xecZ9XuVOPMq27Q==",
      "cpu": [
        "x64"
      ],
      "dev": true,
      "license": "MIT",
      "optional": true,
      "os": [
        "win32"
      ],
      "engines": {
        "node": ">= 10"
      }
    },
    "node_modules/detect-libc": {
      "version": "2.1.2",
      "resolved": "https://registry.npmjs.org/detect-libc/-/detect-libc-2.1.2.tgz",
      "integrity": "sha512-Btj2BOOO83o3WyH59e8MgXsxEQVcarkUOpEYrubB0urwnN10yQ364rsiByU11nZlqWYZm05i/of7io4mzihBtQ==",
      "dev": true,
      "license": "Apache-2.0",
      "engines": {
        "node": ">=8"
      }
    }
  }
}
